
Microsoft Visual Studio Solution File, Format Version 12.00
# Visual Studio Version 17
VisualStudioVersion = 17.2.32210.308
MinimumVisualStudioVersion = 10.0.40219.1
Project("{9A19103F-16F7-4668-BE54-9A1E7A4F7556}") = "AccountDomain", "AccountDomain\AccountDomain.csproj", "{8BAC5DE6-B1F2-466E-88CD-430CBF10698F}"
EndProject
Project("{9A19103F-16F7-4668-BE54-9A1E7A4F7556}") = "AccountDomain.Tests", "AccountDomain.Tests\AccountDomain.Tests.csproj", "{CAF820C5-7AC8-424A-89C8-9E2020DABF31}"
EndProject
Project("{9A19103F-16F7-4668-BE54-9A1E7A4F7556}") = "BankingEvents", "BankingMessages\BankingEvents.csproj", "{E15C729B-0D41-4D3D-8E91-29CEB58AFB63}"
EndProject
Global
	GlobalSection(SolutionConfigurationPlatforms) = preSolution
		Debug|Any CPU = Debug|Any CPU
		Release|Any CPU = Release|Any CPU
	EndGlobalSection
	GlobalSection(ProjectConfigurationPlatforms) = postSolution
		{8BAC5DE6-B1F2-466E-88CD-430CBF10698F}.Debug|Any CPU.ActiveCfg = Debug|Any CPU
		{8BAC5DE6-B1F2-466E-88CD-430CBF10698F}.Debug|Any CPU.Build.0 = Debug|Any CPU
		{8BAC5DE6-B1F2-466E-88CD-430CBF10698F}.Release|Any CPU.ActiveCfg = Release|Any CPU
		{8BAC5DE6-B1F2-466E-88CD-430CBF10698F}.Release|Any CPU.Build.0 = Release|Any CPU
		{CAF820C5-7AC8-424A-89C8-9E2020DABF31}.Debug|Any CPU.ActiveCfg = Debug|Any CPU
		{CAF820C5-7AC8-424A-89C8-9E2020DABF31}.Debug|Any CPU.Build.0 = Debug|Any CPU
		{CAF820C5-7AC8-424A-89C8-9E2020DABF31}.Release|Any CPU.ActiveCfg = Release|Any CPU
		{CAF820C5-7AC8-424A-89C8-9E2020DABF31}.Release|Any CPU.Build.0 = Release|Any CPU
		{E15C729B-0D41-4D3D-8E91-29CEB58AFB63}.Debug|Any CPU.ActiveCfg = Debug|Any CPU
		{E15C729B-0D41-4D3D-8E91-29CEB58AFB63}.Debug|Any CPU.Build.0 = Debug|Any CPU
		{E15C729B-0D41-4D3D-8E91-29CEB58AFB63}.Release|Any CPU.ActiveCfg = Release|Any CPU
		{E15C729B-0D41-4D3D-8E91-29CEB58AFB63}.Release|Any CPU.Build.0 = Release|Any CPU
	EndGlobalSection
	GlobalSection(SolutionProperties) = preSolution
		HideSolutionNode = FALSE
	EndGlobalSection
	GlobalSection(ExtensibilityGlobals) = postSolution
		SolutionGuid = {B17ECA86-5510-46F1-9A4E-74504DB7EBD1}
	EndGlobalSection
EndGlobal
